
Microsoft Visual Studio Solution File, Format Version 12.00
# Visual Studio Version 16
VisualStudioVersion = 16.0.30503.244
MinimumVisualStudioVersion = 10.0.40219.1
Project("{FAE04EC0-301F-11D3-BF4B-00C04F79EFBC}") = "OrderApp", "OrderApp.csproj", "{1C052726-B724-4055-BEC2-498ACBEA45FA}"
EndProject
Global
	GlobalSection(SolutionConfigurationPlatforms) = preSolution
		Debug|Any CPU = Debug|Any CPU
		Release|Any CPU = Release|Any CPU
	EndGlobalSection
	GlobalSection(ProjectConfigurationPlatforms) = postSolution
		{1C052726-B724-4055-BEC2-498ACBEA45FA}.Debug|Any CPU.ActiveCfg = Debug|Any CPU
		{1C052726-B724-4055-BEC2-498ACBEA45FA}.Debug|Any CPU.Build.0 = Debug|Any CPU
		{1C052726-B724-4055-BEC2-498ACBEA45FA}.Release|Any CPU.ActiveCfg = Release|Any CPU
		{1C052726-B724-4055-BEC2-498ACBEA45FA}.Release|Any CPU.Build.0 = Release|Any CPU
	EndGlobalSection
	GlobalSection(SolutionProperties) = preSolution
		HideSolutionNode = FALSE
	EndGlobalSection
	GlobalSection(ExtensibilityGlobals) = postSolution
		SolutionGuid = {A2BE0F64-E3E9-49A0-9D49-49002232D2D7}
	EndGlobalSection
EndGlobal
