
Microsoft Visual Studio Solution File, Format Version 12.00
# Visual Studio Version 16
VisualStudioVersion = 16.0.30503.244
MinimumVisualStudioVersion = 10.0.40219.1
Project("{FAE04EC0-301F-11D3-BF4B-00C04F79EFBC}") = "Calculator", "Calculator.csproj", "{8DDC4863-F129-4087-AC80-FBADC7CE641E}"
EndProject
Project("{FAE04EC0-301F-11D3-BF4B-00C04F79EFBC}") = "prime", "..\prime\prime.csproj", "{B3515AB0-DDDC-4431-890C-3B8424B4886D}"
EndProject
Project("{FAE04EC0-301F-11D3-BF4B-00C04F79EFBC}") = "factor", "..\factor\factor.csproj", "{52DEBC80-2628-4124-A289-A03AFC8E780E}"
EndProject
Project("{FAE04EC0-301F-11D3-BF4B-00C04F79EFBC}") = "Matrix", "..\Matrix\Matrix.csproj", "{15CE11B6-E2DC-4BF3-B271-6A2981413B68}"
EndProject
Global
	GlobalSection(SolutionConfigurationPlatforms) = preSolution
		Debug|Any CPU = Debug|Any CPU
		Release|Any CPU = Release|Any CPU
	EndGlobalSection
	GlobalSection(ProjectConfigurationPlatforms) = postSolution
		{8DDC4863-F129-4087-AC80-FBADC7CE641E}.Debug|Any CPU.ActiveCfg = Debug|Any CPU
		{8DDC4863-F129-4087-AC80-FBADC7CE641E}.Debug|Any CPU.Build.0 = Debug|Any CPU
		{8DDC4863-F129-4087-AC80-FBADC7CE641E}.Release|Any CPU.ActiveCfg = Release|Any CPU
		{8DDC4863-F129-4087-AC80-FBADC7CE641E}.Release|Any CPU.Build.0 = Release|Any CPU
		{B3515AB0-DDDC-4431-890C-3B8424B4886D}.Debug|Any CPU.ActiveCfg = Debug|Any CPU
		{B3515AB0-DDDC-4431-890C-3B8424B4886D}.Debug|Any CPU.Build.0 = Debug|Any CPU
		{B3515AB0-DDDC-4431-890C-3B8424B4886D}.Release|Any CPU.ActiveCfg = Release|Any CPU
		{B3515AB0-DDDC-4431-890C-3B8424B4886D}.Release|Any CPU.Build.0 = Release|Any CPU
		{52DEBC80-2628-4124-A289-A03AFC8E780E}.Debug|Any CPU.ActiveCfg = Debug|Any CPU
		{52DEBC80-2628-4124-A289-A03AFC8E780E}.Debug|Any CPU.Build.0 = Debug|Any CPU
		{52DEBC80-2628-4124-A289-A03AFC8E780E}.Release|Any CPU.ActiveCfg = Release|Any CPU
		{52DEBC80-2628-4124-A289-A03AFC8E780E}.Release|Any CPU.Build.0 = Release|Any CPU
		{15CE11B6-E2DC-4BF3-B271-6A2981413B68}.Debug|Any CPU.ActiveCfg = Debug|Any CPU
		{15CE11B6-E2DC-4BF3-B271-6A2981413B68}.Debug|Any CPU.Build.0 = Debug|Any CPU
		{15CE11B6-E2DC-4BF3-B271-6A2981413B68}.Release|Any CPU.ActiveCfg = Release|Any CPU
		{15CE11B6-E2DC-4BF3-B271-6A2981413B68}.Release|Any CPU.Build.0 = Release|Any CPU
	EndGlobalSection
	GlobalSection(SolutionProperties) = preSolution
		HideSolutionNode = FALSE
	EndGlobalSection
	GlobalSection(ExtensibilityGlobals) = postSolution
		SolutionGuid = {7B75048D-1254-4645-A70D-B49578DAA40C}
	EndGlobalSection
EndGlobal
